# Wygenerowane przez toolkit-sync.sh — nie edytuj ręcznie.
# Sprawdzenie: bash <toolkit>/scripts/toolkit-sync.sh check .
toolkit_version 2026.09.05
toolkit_source  https://github.com/SzymonPaczos/claude-toolkit.git
toolkit_sha     a6816cf
#
# sha256-kopii	plik-w-projekcie	źródło-w-masterze	sha256-mastera-przy-stemplowaniu
aef5d3534e93afd54d42ebe5bab4ef98c53085bfad1b082d162aa89c17ecd367	.claude/agents/red-team.md	agents/red-team.md	aef5d3534e93afd54d42ebe5bab4ef98c53085bfad1b082d162aa89c17ecd367
cbb3ecbdf56920e8d92b6a3dabf2e13634a7772d78c05fa35ba5fb88b98d90d4	.claude/agents/security-reviewer.md	agents/security-reviewer.md	fde74596dcadfb9187a007ecd6eb8d4d02b1f69c589419ebf90f0c96423ea773
ba50643234ce8fdf506a2dc097f9de98ecfe5b8b441cd2329f611d961e223bcb	.claude/rules/change-provenance.md	conventions/change-provenance.md	ba50643234ce8fdf506a2dc097f9de98ecfe5b8b441cd2329f611d961e223bcb
911b6c5ea8c1648d222dc55705d5bcb27db46b3dc0cf17252fe559c959502fad	.claude/rules/ci-cd.md	conventions/ci-cd.md	911b6c5ea8c1648d222dc55705d5bcb27db46b3dc0cf17252fe559c959502fad
50f1d34b12172bea41674acb7bb88ceeadc1dcab285fb479a7dd0565cd4c46cd	.claude/rules/dependency-currency.md	conventions/dependency-currency.md	50f1d34b12172bea41674acb7bb88ceeadc1dcab285fb479a7dd0565cd4c46cd
00fec561c5a90a3ded03d4e2b38bad544d79178a5705a85e68b3bb901031b847	.claude/rules/issue-reporting.md	conventions/issue-reporting.md	00fec561c5a90a3ded03d4e2b38bad544d79178a5705a85e68b3bb901031b847
d39275a1e8406027d34ef56e4b353f12216f4ba3cbfdebd19796c464d37d3646	.claude/rules/multi-agent-delivery.md	conventions/multi-agent-delivery.md	d39275a1e8406027d34ef56e4b353f12216f4ba3cbfdebd19796c464d37d3646
176b7fa04c6e3a037fa134094a207fee91ff20f4b6ef1c7528a35b1f33885fd3	.claude/rules/pull-request-review.md	conventions/pull-request-review.md	176b7fa04c6e3a037fa134094a207fee91ff20f4b6ef1c7528a35b1f33885fd3
ca931b152153de7a9238533f7d7e8968ac0ee1d2270057bc3496b2285dab7226	.claude/rules/quality-gates-and-dod.md	conventions/quality-gates-and-dod.md	ca931b152153de7a9238533f7d7e8968ac0ee1d2270057bc3496b2285dab7226
ebcd857d7e2ae35f69942d974ad6d496358a054891bf10430aec2a5b9b57c672	.claude/rules/repo-hygiene-gates.md	conventions/repo-hygiene-gates.md	ebcd857d7e2ae35f69942d974ad6d496358a054891bf10430aec2a5b9b57c672
edd314d9e793e730e89a2342543b66657034fcc3a6c7ee18b8c5cd0cef96e19d	.claude/rules/rules-as-gates.md	conventions/rules-as-gates.md	edd314d9e793e730e89a2342543b66657034fcc3a6c7ee18b8c5cd0cef96e19d
503e6246a1b182e3f3d7e70a836533e985693bccdc64e276813880216383fd29	.claude/rules/security-verification-gates.md	conventions/security-verification-gates.md	503e6246a1b182e3f3d7e70a836533e985693bccdc64e276813880216383fd29
869f9a10d3b28b5bdadefa953c3a6430f6064201d3f594fe5a383091aec62a45	.claude/rules/test-evidence.md	conventions/test-evidence.md	869f9a10d3b28b5bdadefa953c3a6430f6064201d3f594fe5a383091aec62a45
8de7753fa882dcce66d9d52a6ff0f156d32d41a4e253c9341632f3d5f37d95d1	.claude/rules/test-execution-economy.md	conventions/test-execution-economy.md	8de7753fa882dcce66d9d52a6ff0f156d32d41a4e253c9341632f3d5f37d95d1
37fd9222eab204334dca90f1a0439c8663be7b461040c39fc07975fa77615d72	.claude/rules/test-quality-baseline.md	conventions/test-quality-baseline.md	37fd9222eab204334dca90f1a0439c8663be7b461040c39fc07975fa77615d72
100e0007b1b9f8bfc3359c53a9ec111581cffc7038ed945062c57631f7faa617	.claude/rules/toolkit-sync.md	conventions/toolkit-sync.md	100e0007b1b9f8bfc3359c53a9ec111581cffc7038ed945062c57631f7faa617
4ba178f7dc111a38175c220215a689f99a513b939a6a01a2abd8573792121f2e	.claude/skills/audyt-naprawczy/SKILL.md	skills/audyt-naprawczy/SKILL.md	4ba178f7dc111a38175c220215a689f99a513b939a6a01a2abd8573792121f2e
65991e134a32e3b86d87e9d9ac15693979e58e6521b6c88edf2472b630606920	.claude/skills/weekly-audit/SKILL.md	skills/weekly-audit/SKILL.md	65991e134a32e3b86d87e9d9ac15693979e58e6521b6c88edf2472b630606920
f5581c320b87e445e0c704cc88442e5d6fa096e67ea238f43a213b97aa284b77	.claude/skills/weekly-audit/references/kontrola-glebokosci.md	skills/weekly-audit/references/kontrola-glebokosci.md	f5581c320b87e445e0c704cc88442e5d6fa096e67ea238f43a213b97aa284b77
6ee63826663952e0b9a9f2ee231b9a27a10a313b8023dfb44f5cde5cde0eba9f	.claude/skills/weekly-audit/references/test-quality-baseline.md	skills/weekly-audit/references/test-quality-baseline.md	6ee63826663952e0b9a9f2ee231b9a27a10a313b8023dfb44f5cde5cde0eba9f
d50a517ef2aab4405b1a38837c4a8ba4733793652d31d156f01a9dbf4a5edf5a	.claude/templates/audit-log-entry.md	templates/audit-log-entry.md	d50a517ef2aab4405b1a38837c4a8ba4733793652d31d156f01a9dbf4a5edf5a
b567d4965251fd097e1b5ddf2d12d4bac8aa6a8c302ead5943121bde20a97fdf	.claude/templates/review-record.md	templates/review-record.md	b567d4965251fd097e1b5ddf2d12d4bac8aa6a8c302ead5943121bde20a97fdf
d9fcf1f40e2c8c53e80da693041cce9f71485fd7d61a89657ca3efcecc020556	.claude/templates/test-gates.sh	templates/test-gates.sh	d9fcf1f40e2c8c53e80da693041cce9f71485fd7d61a89657ca3efcecc020556
